// !$*UTF8*$!
{
	archiveVersion = 1;
	classes = {
	};
	objectVersion = 50;
	objects = {

/* Begin PBXBuildFile section */
		34AA49CE229FC83500A213E9 /* AppDelegate.swift in Sources */ = {isa = PBXBuildFile; fileRef = 34AA49CD229FC83500A213E9 /* AppDelegate.swift */; };
		34AA49D0229FC83500A213E9 /* ViewController.swift in Sources */ = {isa = PBXBuildFile; fileRef = 34AA49CF229FC83500A213E9 /* ViewController.swift */; };
		34AA49D3229FC83500A213E9 /* Main.storyboard in Resources */ = {isa = PBXBuildFile; fileRef = 34AA49D1229FC83500A213E9 /* Main.storyboard */; };
		34AA49D5229FC83700A213E9 /* Assets.xcassets in Resources */ = {isa = PBXBuildFile; fileRef = 34AA49D4229FC83700A213E9 /* Assets.xcassets */; };
		34AA49D8229FC83700A213E9 /* LaunchScreen.storyboard in Resources */ = {isa = PBXBuildFile; fileRef = 34AA49D6229FC83700A213E9 /* LaunchScreen.storyboard */; };
		34AA49E3229FC83700A213E9 /* ArnaudTests.swift in Sources */ = {isa = PBXBuildFile; fileRef = 34AA49E2229FC83700A213E9 /* ArnaudTests.swift */; };
		34AA49EF229FCC7200A213E9 /* REQRESAPIList.swift in Sources */ = {isa = PBXBuildFile; fileRef = 34AA49EE229FCC7200A213E9 /* REQRESAPIList.swift */; };
		34E9FB00229FD02800630520 /* Page.swift in Sources */ = {isa = PBXBuildFile; fileRef = 34E9FAFF229FD02800630520 /* Page.swift */; };
		34E9FB02229FD03500630520 /* Color.swift in Sources */ = {isa = PBXBuildFile; fileRef = 34E9FB01229FD03500630520 /* Color.swift */; };
		34E9FB05229FD44500630520 /* MyListFetcher.swift in Sources */ = {isa = PBXBuildFile; fileRef = 34E9FB04229FD44500630520 /* MyListFetcher.swift */; };
		34E9FB07229FD7BA00630520 /* REQRESAPIError.swift in Sources */ = {isa = PBXBuildFile; fileRef = 34E9FB06229FD7BA00630520 /* REQRESAPIError.swift */; };
		34E9FB0B229FD98D00630520 /* PresentPagesViewController.swift in Sources */ = {isa = PBXBuildFile; fileRef = 34E9FB0A229FD98D00630520 /* PresentPagesViewController.swift */; };
		34E9FB0D229FDC5600630520 /* MyListFetcher+Presenter.swift in Sources */ = {isa = PBXBuildFile; fileRef = 34E9FB0C229FDC5600630520 /* MyListFetcher+Presenter.swift */; };
		34E9FB0F229FDD4F00630520 /* PresentPagesCollectionCell.swift in Sources */ = {isa = PBXBuildFile; fileRef = 34E9FB0E229FDD4F00630520 /* PresentPagesCollectionCell.swift */; };
		CEB7CAAB43000EC712CF6372 /* Pods_Arnaud.framework in Frameworks */ = {isa = PBXBuildFile; fileRef = 53275A49172B84408F146D7C /* Pods_Arnaud.framework */; };
		D4BEF2723CA95B0450A88116 /* Pods_ArnaudTests.framework in Frameworks */ = {isa = PBXBuildFile; fileRef = 38C4C630B8225BD482BC86A3 /* Pods_ArnaudTests.framework */; };
/* End PBXBuildFile section */

/* Begin PBXContainerItemProxy section */
		34AA49DF229FC83700A213E9 /* PBXContainerItemProxy */ = {
			isa = PBXContainerItemProxy;
			containerPortal = 34AA49C2229FC83500A213E9 /* Project object */;
			proxyType = 1;
			remoteGlobalIDString = 34AA49C9229FC83500A213E9;
			remoteInfo = Arnaud;
		};
/* End PBXContainerItemProxy section */

/* Begin PBXFileReference section */
		0B8DA5FF2689739C84B16B8F /* Pods-Arnaud.debug.xcconfig */ = {isa = PBXFileReference; includeInIndex = 1; lastKnownFileType = text.xcconfig; name = "Pods-Arnaud.debug.xcconfig"; path = "Pods/Target Support Files/Pods-Arnaud/Pods-Arnaud.debug.xcconfig"; sourceTree = "<group>"; };
		34AA49CA229FC83500A213E9 /* Arnaud.app */ = {isa = PBXFileReference; explicitFileType = wrapper.application; includeInIndex = 0; path = Arnaud.app; sourceTree = BUILT_PRODUCTS_DIR; };
		34AA49CD229FC83500A213E9 /* AppDelegate.swift */ = {isa = PBXFileReference; lastKnownFileType = sourcecode.swift; path = AppDelegate.swift; sourceTree = "<group>"; };
		34AA49CF229FC83500A213E9 /* ViewController.swift */ = {isa = PBXFileReference; lastKnownFileType = sourcecode.swift; path = ViewController.swift; sourceTree = "<group>"; };
		34AA49D2229FC83500A213E9 /* Base */ = {isa = PBXFileReference; lastKnownFileType = file.storyboard; name = Base; path = Base.lproj/Main.storyboard; sourceTree = "<group>"; };
		34AA49D4229FC83700A213E9 /* Assets.xcassets */ = {isa = PBXFileReference; lastKnownFileType = folder.assetcatalog; path = Assets.xcassets; sourceTree = "<group>"; };
		34AA49D7229FC83700A213E9 /* Base */ = {isa = PBXFileReference; lastKnownFileType = file.storyboard; name = Base; path = Base.lproj/LaunchScreen.storyboard; sourceTree = "<group>"; };
		34AA49D9229FC83700A213E9 /* Info.plist */ = {isa = PBXFileReference; lastKnownFileType = text.plist.xml; path = Info.plist; sourceTree = "<group>"; };
		34AA49DE229FC83700A213E9 /* ArnaudTests.xctest */ = {isa = PBXFileReference; explicitFileType = wrapper.cfbundle; includeInIndex = 0; path = ArnaudTests.xctest; sourceTree = BUILT_PRODUCTS_DIR; };
		34AA49E2229FC83700A213E9 /* ArnaudTests.swift */ = {isa = PBXFileReference; lastKnownFileType = sourcecode.swift; path = ArnaudTests.swift; sourceTree = "<group>"; };
		34AA49E4229FC83700A213E9 /* Info.plist */ = {isa = PBXFileReference; lastKnownFileType = text.plist.xml; path = Info.plist; sourceTree = "<group>"; };
		34AA49EE229FCC7200A213E9 /* REQRESAPIList.swift */ = {isa = PBXFileReference; lastKnownFileType = sourcecode.swift; path = REQRESAPIList.swift; sourceTree = "<group>"; };
		34E9FAFF229FD02800630520 /* Page.swift */ = {isa = PBXFileReference; lastKnownFileType = sourcecode.swift; path = Page.swift; sourceTree = "<group>"; };
		34E9FB01229FD03500630520 /* Color.swift */ = {isa = PBXFileReference; lastKnownFileType = sourcecode.swift; path = Color.swift; sourceTree = "<group>"; };
		34E9FB04229FD44500630520 /* MyListFetcher.swift */ = {isa = PBXFileReference; lastKnownFileType = sourcecode.swift; path = MyListFetcher.swift; sourceTree = "<group>"; };
		34E9FB06229FD7BA00630520 /* REQRESAPIError.swift */ = {isa = PBXFileReference; lastKnownFileType = sourcecode.swift; path = REQRESAPIError.swift; sourceTree = "<group>"; };
		34E9FB0A229FD98D00630520 /* PresentPagesViewController.swift */ = {isa = PBXFileReference; lastKnownFileType = sourcecode.swift; path = PresentPagesViewController.swift; sourceTree = "<group>"; };
		34E9FB0C229FDC5600630520 /* MyListFetcher+Presenter.swift */ = {isa = PBXFileReference; lastKnownFileType = sourcecode.swift; path = "MyListFetcher+Presenter.swift"; sourceTree = "<group>"; };
		34E9FB0E229FDD4F00630520 /* PresentPagesCollectionCell.swift */ = {isa = PBXFileReference; lastKnownFileType = sourcecode.swift; path = PresentPagesCollectionCell.swift; sourceTree = "<group>"; };
		38C4C630B8225BD482BC86A3 /* Pods_ArnaudTests.framework */ = {isa = PBXFileReference; explicitFileType = wrapper.framework; includeInIndex = 0; path = Pods_ArnaudTests.framework; sourceTree = BUILT_PRODUCTS_DIR; };
		53275A49172B84408F146D7C /* Pods_Arnaud.framework */ = {isa = PBXFileReference; explicitFileType = wrapper.framework; includeInIndex = 0; path = Pods_Arnaud.framework; sourceTree = BUILT_PRODUCTS_DIR; };
		600C59616AFDB0E75A6E3EA1 /* Pods-ArnaudTests.release.xcconfig */ = {isa = PBXFileReference; includeInIndex = 1; lastKnownFileType = text.xcconfig; name = "Pods-ArnaudTests.release.xcconfig"; path = "Pods/Target Support Files/Pods-ArnaudTests/Pods-ArnaudTests.release.xcconfig"; sourceTree = "<group>"; };
		A4A286A602593057607F23F3 /* Pods-ArnaudTests.debug.xcconfig */ = {isa = PBXFileReference; includeInIndex = 1; lastKnownFileType = text.xcconfig; name = "Pods-ArnaudTests.debug.xcconfig"; path = "Pods/Target Support Files/Pods-ArnaudTests/Pods-ArnaudTests.debug.xcconfig"; sourceTree = "<group>"; };
		CCB0080672724A6BD05A2148 /* Pods-Arnaud.release.xcconfig */ = {isa = PBXFileReference; includeInIndex = 1; lastKnownFileType = text.xcconfig; name = "Pods-Arnaud.release.xcconfig"; path = "Pods/Target Support Files/Pods-Arnaud/Pods-Arnaud.release.xcconfig"; sourceTree = "<group>"; };
/* End PBXFileReference section */

/* Begin PBXFrameworksBuildPhase section */
		34AA49C7229FC83500A213E9 /* Frameworks */ = {
			isa = PBXFrameworksBuildPhase;
			buildActionMask = 2147483647;
			files = (
				CEB7CAAB43000EC712CF6372 /* Pods_Arnaud.framework in Frameworks */,
			);
			runOnlyForDeploymentPostprocessing = 0;
		};
		34AA49DB229FC83700A213E9 /* Frameworks */ = {
			isa = PBXFrameworksBuildPhase;
			buildActionMask = 2147483647;
			files = (
				D4BEF2723CA95B0450A88116 /* Pods_ArnaudTests.framework in Frameworks */,
			);
			runOnlyForDeploymentPostprocessing = 0;
		};
/* End PBXFrameworksBuildPhase section */

/* Begin PBXGroup section */
		04D0D6E9A4DFD62ECB4B743C /* Frameworks */ = {
			isa = PBXGroup;
			children = (
				53275A49172B84408F146D7C /* Pods_Arnaud.framework */,
				38C4C630B8225BD482BC86A3 /* Pods_ArnaudTests.framework */,
			);
			name = Frameworks;
			sourceTree = "<group>";
		};
		34AA49C1229FC83500A213E9 = {
			isa = PBXGroup;
			children = (
				34AA49CC229FC83500A213E9 /* Arnaud */,
				34AA49E1229FC83700A213E9 /* ArnaudTests */,
				34AA49CB229FC83500A213E9 /* Products */,
				39284CD8EF5D5DD36C07F23D /* Pods */,
				04D0D6E9A4DFD62ECB4B743C /* Frameworks */,
			);
			sourceTree = "<group>";
		};
		34AA49CB229FC83500A213E9 /* Products */ = {
			isa = PBXGroup;
			children = (
				34AA49CA229FC83500A213E9 /* Arnaud.app */,
				34AA49DE229FC83700A213E9 /* ArnaudTests.xctest */,
			);
			name = Products;
			sourceTree = "<group>";
		};
		34AA49CC229FC83500A213E9 /* Arnaud */ = {
			isa = PBXGroup;
			children = (
				34E9FB08229FD96B00630520 /* Scene */,
				34E9FB03229FD43500630520 /* Business */,
				34E9FAFE229FD01400630520 /* Model */,
				34AA49ED229FCC4C00A213E9 /* REQRES_API */,
				34AA49CD229FC83500A213E9 /* AppDelegate.swift */,
				34AA49CF229FC83500A213E9 /* ViewController.swift */,
				34AA49D1229FC83500A213E9 /* Main.storyboard */,
				34AA49D4229FC83700A213E9 /* Assets.xcassets */,
				34AA49D6229FC83700A213E9 /* LaunchScreen.storyboard */,
				34AA49D9229FC83700A213E9 /* Info.plist */,
			);
			path = Arnaud;
			sourceTree = "<group>";
		};
		34AA49E1229FC83700A213E9 /* ArnaudTests */ = {
			isa = PBXGroup;
			children = (
				34AA49E2229FC83700A213E9 /* ArnaudTests.swift */,
				34AA49E4229FC83700A213E9 /* Info.plist */,
			);
			path = ArnaudTests;
			sourceTree = "<group>";
		};
		34AA49ED229FCC4C00A213E9 /* REQRES_API */ = {
			isa = PBXGroup;
			children = (
				34AA49EE229FCC7200A213E9 /* REQRESAPIList.swift */,
				34E9FB06229FD7BA00630520 /* REQRESAPIError.swift */,
			);
			path = REQRES_API;
			sourceTree = "<group>";
		};
		34E9FAFE229FD01400630520 /* Model */ = {
			isa = PBXGroup;
			children = (
				34E9FAFF229FD02800630520 /* Page.swift */,
				34E9FB01229FD03500630520 /* Color.swift */,
			);
			path = Model;
			sourceTree = "<group>";
		};
		34E9FB03229FD43500630520 /* Business */ = {
			isa = PBXGroup;
			children = (
				34E9FB04229FD44500630520 /* MyListFetcher.swift */,
			);
			path = Business;
			sourceTree = "<group>";
		};
		34E9FB08229FD96B00630520 /* Scene */ = {
			isa = PBXGroup;
			children = (
				34E9FB09229FD97600630520 /* PresentPages */,
			);
			path = Scene;
			sourceTree = "<group>";
		};
		34E9FB09229FD97600630520 /* PresentPages */ = {
			isa = PBXGroup;
			children = (
				34E9FB0A229FD98D00630520 /* PresentPagesViewController.swift */,
				34E9FB0C229FDC5600630520 /* MyListFetcher+Presenter.swift */,
				34E9FB0E229FDD4F00630520 /* PresentPagesCollectionCell.swift */,
			);
			path = PresentPages;
			sourceTree = "<group>";
		};
		39284CD8EF5D5DD36C07F23D /* Pods */ = {
			isa = PBXGroup;
			children = (
				0B8DA5FF2689739C84B16B8F /* Pods-Arnaud.debug.xcconfig */,
				CCB0080672724A6BD05A2148 /* Pods-Arnaud.release.xcconfig */,
				A4A286A602593057607F23F3 /* Pods-ArnaudTests.debug.xcconfig */,
				600C59616AFDB0E75A6E3EA1 /* Pods-ArnaudTests.release.xcconfig */,
			);
			name = Pods;
			sourceTree = "<group>";
		};
/* End PBXGroup section */

/* Begin PBXNativeTarget section */
		34AA49C9229FC83500A213E9 /* Arnaud */ = {
			isa = PBXNativeTarget;
			buildConfigurationList = 34AA49E7229FC83700A213E9 /* Build configuration list for PBXNativeTarget "Arnaud" */;
			buildPhases = (
				A2C49D4D28FBCA8742AD4A98 /* [CP] Check Pods Manifest.lock */,
				34AA49C6229FC83500A213E9 /* Sources */,
				34AA49C7229FC83500A213E9 /* Frameworks */,
				34AA49C8229FC83500A213E9 /* Resources */,
				804C04D9810958FA27608FBF /* [CP] Embed Pods Frameworks */,
			);
			buildRules = (
			);
			dependencies = (
			);
			name = Arnaud;
			productName = Arnaud;
			productReference = 34AA49CA229FC83500A213E9 /* Arnaud.app */;
			productType = "com.apple.product-type.application";
		};
		34AA49DD229FC83700A213E9 /* ArnaudTests */ = {
			isa = PBXNativeTarget;
			buildConfigurationList = 34AA49EA229FC83700A213E9 /* Build configuration list for PBXNativeTarget "ArnaudTests" */;
			buildPhases = (
				E3B86E8979E983CABB24FC9B /* [CP] Check Pods Manifest.lock */,
				34AA49DA229FC83700A213E9 /* Sources */,
				34AA49DB229FC83700A213E9 /* Frameworks */,
				34AA49DC229FC83700A213E9 /* Resources */,
			);
			buildRules = (
			);
			dependencies = (
				34AA49E0229FC83700A213E9 /* PBXTargetDependency */,
			);
			name = ArnaudTests;
			productName = ArnaudTests;
			productReference = 34AA49DE229FC83700A213E9 /* ArnaudTests.xctest */;
			productType = "com.apple.product-type.bundle.unit-test";
		};
/* End PBXNativeTarget section */

/* Begin PBXProject section */
		34AA49C2229FC83500A213E9 /* Project object */ = {
			isa = PBXProject;
			attributes = {
				LastSwiftUpdateCheck = 1010;
				LastUpgradeCheck = 1010;
				ORGANIZATIONNAME = "Arnaud Verrier";
				TargetAttributes = {
					34AA49C9229FC83500A213E9 = {
						CreatedOnToolsVersion = 10.1;
					};
					34AA49DD229FC83700A213E9 = {
						CreatedOnToolsVersion = 10.1;
						TestTargetID = 34AA49C9229FC83500A213E9;
					};
				};
			};
			buildConfigurationList = 34AA49C5229FC83500A213E9 /* Build configuration list for PBXProject "Arnaud" */;
			compatibilityVersion = "Xcode 9.3";
			developmentRegion = en;
			hasScannedForEncodings = 0;
			knownRegions = (
				en,
				Base,
			);
			mainGroup = 34AA49C1229FC83500A213E9;
			productRefGroup = 34AA49CB229FC83500A213E9 /* Products */;
			projectDirPath = "";
			projectRoot = "";
			targets = (
				34AA49C9229FC83500A213E9 /* Arnaud */,
				34AA49DD229FC83700A213E9 /* ArnaudTests */,
			);
		};
/* End PBXProject section */

/* Begin PBXResourcesBuildPhase section */
		34AA49C8229FC83500A213E9 /* Resources */ = {
			isa = PBXResourcesBuildPhase;
			buildActionMask = 2147483647;
			files = (
				34AA49D8229FC83700A213E9 /* LaunchScreen.storyboard in Resources */,
				34AA49D5229FC83700A213E9 /* Assets.xcassets in Resources */,
				34AA49D3229FC83500A213E9 /* Main.storyboard in Resources */,
			);
			runOnlyForDeploymentPostprocessing = 0;
		};
		34AA49DC229FC83700A213E9 /* Resources */ = {
			isa = PBXResourcesBuildPhase;
			buildActionMask = 2147483647;
			files = (
			);
			runOnlyForDeploymentPostprocessing = 0;
		};
/* End PBXResourcesBuildPhase section */

/* Begin PBXShellScriptBuildPhase section */
		804C04D9810958FA27608FBF /* [CP] Embed Pods Frameworks */ = {
			isa = PBXShellScriptBuildPhase;
			buildActionMask = 2147483647;
			files = (
			);
			inputFileListPaths = (
			);
			inputPaths = (
				"${SRCROOT}/Pods/Target Support Files/Pods-Arnaud/Pods-Arnaud-frameworks.sh",
				"${BUILT_PRODUCTS_DIR}/Alamofire/Alamofire.framework",
			);
			name = "[CP] Embed Pods Frameworks";
			outputFileListPaths = (
			);
			outputPaths = (
				"${TARGET_BUILD_DIR}/${FRAMEWORKS_FOLDER_PATH}/Alamofire.framework",
			);
			runOnlyForDeploymentPostprocessing = 0;
			shellPath = /bin/sh;
			shellScript = "\"${SRCROOT}/Pods/Target Support Files/Pods-Arnaud/Pods-Arnaud-frameworks.sh\"\n";
			showEnvVarsInLog = 0;
		};
		A2C49D4D28FBCA8742AD4A98 /* [CP] Check Pods Manifest.lock */ = {
			isa = PBXShellScriptBuildPhase;
			buildActionMask = 2147483647;
			files = (
			);
			inputFileListPaths = (
			);
			inputPaths = (
				"${PODS_PODFILE_DIR_PATH}/Podfile.lock",
				"${PODS_ROOT}/Manifest.lock",
			);
			name = "[CP] Check Pods Manifest.lock";
			outputFileListPaths = (
			);
			outputPaths = (
				"$(DERIVED_FILE_DIR)/Pods-Arnaud-checkManifestLockResult.txt",
			);
			runOnlyForDeploymentPostprocessing = 0;
			shellPath = /bin/sh;
			shellScript = "diff \"${PODS_PODFILE_DIR_PATH}/Podfile.lock\" \"${PODS_ROOT}/Manifest.lock\" > /dev/null\nif [ $? != 0 ] ; then\n    # print error to STDERR\n    echo \"error: The sandbox is not in sync with the Podfile.lock. Run 'pod install' or update your CocoaPods installation.\" >&2\n    exit 1\nfi\n# This output is used by Xcode 'outputs' to avoid re-running this script phase.\necho \"SUCCESS\" > \"${SCRIPT_OUTPUT_FILE_0}\"\n";
			showEnvVarsInLog = 0;
		};
		E3B86E8979E983CABB24FC9B /* [CP] Check Pods Manifest.lock */ = {
			isa = PBXShellScriptBuildPhase;
			buildActionMask = 2147483647;
			files = (
			);
			inputFileListPaths = (
			);
			inputPaths = (
				"${PODS_PODFILE_DIR_PATH}/Podfile.lock",
				"${PODS_ROOT}/Manifest.lock",
			);
			name = "[CP] Check Pods Manifest.lock";
			outputFileListPaths = (
			);
			outputPaths = (
				"$(DERIVED_FILE_DIR)/Pods-ArnaudTests-checkManifestLockResult.txt",
			);
			runOnlyForDeploymentPostprocessing = 0;
			shellPath = /bin/sh;
			shellScript = "diff \"${PODS_PODFILE_DIR_PATH}/Podfile.lock\" \"${PODS_ROOT}/Manifest.lock\" > /dev/null\nif [ $? != 0 ] ; then\n    # print error to STDERR\n    echo \"error: The sandbox is not in sync with the Podfile.lock. Run 'pod install' or update your CocoaPods installation.\" >&2\n    exit 1\nfi\n# This output is used by Xcode 'outputs' to avoid re-running this script phase.\necho \"SUCCESS\" > \"${SCRIPT_OUTPUT_FILE_0}\"\n";
			showEnvVarsInLog = 0;
		};
/* End PBXShellScriptBuildPhase section */

/* Begin PBXSourcesBuildPhase section */
		34AA49C6229FC83500A213E9 /* Sources */ = {
			isa = PBXSourcesBuildPhase;
			buildActionMask = 2147483647;
			files = (
				34AA49D0229FC83500A213E9 /* ViewController.swift in Sources */,
				34E9FB0D229FDC5600630520 /* MyListFetcher+Presenter.swift in Sources */,
				34E9FB07229FD7BA00630520 /* REQRESAPIError.swift in Sources */,
				34AA49EF229FCC7200A213E9 /* REQRESAPIList.swift in Sources */,
				34E9FB00229FD02800630520 /* Page.swift in Sources */,
				34E9FB05229FD44500630520 /* MyListFetcher.swift in Sources */,
				34E9FB02229FD03500630520 /* Color.swift in Sources */,
				34E9FB0B229FD98D00630520 /* PresentPagesViewController.swift in Sources */,
				34E9FB0F229FDD4F00630520 /* PresentPagesCollectionCell.swift in Sources */,
				34AA49CE229FC83500A213E9 /* AppDelegate.swift in Sources */,
			);
			runOnlyForDeploymentPostprocessing = 0;
		};
		34AA49DA229FC83700A213E9 /* Sources */ = {
			isa = PBXSourcesBuildPhase;
			buildActionMask = 2147483647;
			files = (
				34AA49E3229FC83700A213E9 /* ArnaudTests.swift in Sources */,
			);
			runOnlyForDeploymentPostprocessing = 0;
		};
/* End PBXSourcesBuildPhase section */

/* Begin PBXTargetDependency section */
		34AA49E0229FC83700A213E9 /* PBXTargetDependency */ = {
			isa = PBXTargetDependency;
			target = 34AA49C9229FC83500A213E9 /* Arnaud */;
			targetProxy = 34AA49DF229FC83700A213E9 /* PBXContainerItemProxy */;
		};
/* End PBXTargetDependency section */

/* Begin PBXVariantGroup section */
		34AA49D1229FC83500A213E9 /* Main.storyboard */ = {
			isa = PBXVariantGroup;
			children = (
				34AA49D2229FC83500A213E9 /* Base */,
			);
			name = Main.storyboard;
			sourceTree = "<group>";
		};
		34AA49D6229FC83700A213E9 /* LaunchScreen.storyboard */ = {
			isa = PBXVariantGroup;
			children = (
				34AA49D7229FC83700A213E9 /* Base */,
			);
			name = LaunchScreen.storyboard;
			sourceTree = "<group>";
		};
/* End PBXVariantGroup section */

/* Begin XCBuildConfiguration section */
		34AA49E5229FC83700A213E9 /* Debug */ = {
			isa = XCBuildConfiguration;
			buildSettings = {
				ALWAYS_SEARCH_USER_PATHS = NO;
				CLANG_ANALYZER_NONNULL = YES;
				CLANG_ANALYZER_NUMBER_OBJECT_CONVERSION = YES_AGGRESSIVE;
				CLANG_CXX_LANGUAGE_STANDARD = "gnu++14";
				CLANG_CXX_LIBRARY = "libc++";
				CLANG_ENABLE_MODULES = YES;
				CLANG_ENABLE_OBJC_ARC = YES;
				CLANG_ENABLE_OBJC_WEAK = YES;
				CLANG_WARN_BLOCK_CAPTURE_AUTORELEASING = YES;
				CLANG_WARN_BOOL_CONVERSION = YES;
				CLANG_WARN_COMMA = YES;
				CLANG_WARN_CONSTANT_CONVERSION = YES;
				CLANG_WARN_DEPRECATED_OBJC_IMPLEMENTATIONS = YES;
				CLANG_WARN_DIRECT_OBJC_ISA_USAGE = YES_ERROR;
				CLANG_WARN_DOCUMENTATION_COMMENTS = YES;
				CLANG_WARN_EMPTY_BODY = YES;
				CLANG_WARN_ENUM_CONVERSION = YES;
				CLANG_WARN_INFINITE_RECURSION = YES;
				CLANG_WARN_INT_CONVERSION = YES;
				CLANG_WARN_NON_LITERAL_NULL_CONVERSION = YES;
				CLANG_WARN_OBJC_IMPLICIT_RETAIN_SELF = YES;
				CLANG_WARN_OBJC_LITERAL_CONVERSION = YES;
				CLANG_WARN_OBJC_ROOT_CLASS = YES_ERROR;
				CLANG_WARN_RANGE_LOOP_ANALYSIS = YES;
				CLANG_WARN_STRICT_PROTOTYPES = YES;
				CLANG_WARN_SUSPICIOUS_MOVE = YES;
				CLANG_WARN_UNGUARDED_AVAILABILITY = YES_AGGRESSIVE;
				CLANG_WARN_UNREACHABLE_CODE = YES;
				CLANG_WARN__DUPLICATE_METHOD_MATCH = YES;
				CODE_SIGN_IDENTITY = "iPhone Developer";
				COPY_PHASE_STRIP = NO;
				DEBUG_INFORMATION_FORMAT = dwarf;
				ENABLE_STRICT_OBJC_MSGSEND = YES;
				ENABLE_TESTABILITY = YES;
				GCC_C_LANGUAGE_STANDARD = gnu11;
				GCC_DYNAMIC_NO_PIC = NO;
				GCC_NO_COMMON_BLOCKS = YES;
				GCC_OPTIMIZATION_LEVEL = 0;
				GCC_PREPROCESSOR_DEFINITIONS = (
					"DEBUG=1",
					"$(inherited)",
				);
				GCC_WARN_64_TO_32_BIT_CONVERSION = YES;
				GCC_WARN_ABOUT_RETURN_TYPE = YES_ERROR;
				GCC_WARN_UNDECLARED_SELECTOR = YES;
				GCC_WARN_UNINITIALIZED_AUTOS = YES_AGGRESSIVE;
				GCC_WARN_UNUSED_FUNCTION = YES;
				GCC_WARN_UNUSED_VARIABLE = YES;
				IPHONEOS_DEPLOYMENT_TARGET = 12.1;
				MTL_ENABLE_DEBUG_INFO = INCLUDE_SOURCE;
				MTL_FAST_MATH = YES;
				ONLY_ACTIVE_ARCH = YES;
				SDKROOT = iphoneos;
				SWIFT_ACTIVE_COMPILATION_CONDITIONS = DEBUG;
				SWIFT_OPTIMIZATION_LEVEL = "-Onone";
			};
			name = Debug;
		};
		34AA49E6229FC83700A213E9 /* Release */ = {
			isa = XCBuildConfiguration;
			buildSettings = {
				ALWAYS_SEARCH_USER_PATHS = NO;
				CLANG_ANALYZER_NONNULL = YES;
				CLANG_ANALYZER_NUMBER_OBJECT_CONVERSION = YES_AGGRESSIVE;
				CLANG_CXX_LANGUAGE_STANDARD = "gnu++14";
				CLANG_CXX_LIBRARY = "libc++";
				CLANG_ENABLE_MODULES = YES;
				CLANG_ENABLE_OBJC_ARC = YES;
				CLANG_ENABLE_OBJC_WEAK = YES;
				CLANG_WARN_BLOCK_CAPTURE_AUTORELEASING = YES;
				CLANG_WARN_BOOL_CONVERSION = YES;
				CLANG_WARN_COMMA = YES;
				CLANG_WARN_CONSTANT_CONVERSION = YES;
				CLANG_WARN_DEPRECATED_OBJC_IMPLEMENTATIONS = YES;
				CLANG_WARN_DIRECT_OBJC_ISA_USAGE = YES_ERROR;
				CLANG_WARN_DOCUMENTATION_COMMENTS = YES;
				CLANG_WARN_EMPTY_BODY = YES;
				CLANG_WARN_ENUM_CONVERSION = YES;
				CLANG_WARN_INFINITE_RECURSION = YES;
				CLANG_WARN_INT_CONVERSION = YES;
				CLANG_WARN_NON_LITERAL_NULL_CONVERSION = YES;
				CLANG_WARN_OBJC_IMPLICIT_RETAIN_SELF = YES;
				CLANG_WARN_OBJC_LITERAL_CONVERSION = YES;
				CLANG_WARN_OBJC_ROOT_CLASS = YES_ERROR;
				CLANG_WARN_RANGE_LOOP_ANALYSIS = YES;
				CLANG_WARN_STRICT_PROTOTYPES = YES;
				CLANG_WARN_SUSPICIOUS_MOVE = YES;
				CLANG_WARN_UNGUARDED_AVAILABILITY = YES_AGGRESSIVE;
				CLANG_WARN_UNREACHABLE_CODE = YES;
				CLANG_WARN__DUPLICATE_METHOD_MATCH = YES;
				CODE_SIGN_IDENTITY = "iPhone Developer";
				COPY_PHASE_STRIP = NO;
				DEBUG_INFORMATION_FORMAT = "dwarf-with-dsym";
				ENABLE_NS_ASSERTIONS = NO;
				ENABLE_STRICT_OBJC_MSGSEND = YES;
				GCC_C_LANGUAGE_STANDARD = gnu11;
				GCC_NO_COMMON_BLOCKS = YES;
				GCC_WARN_64_TO_32_BIT_CONVERSION = YES;
				GCC_WARN_ABOUT_RETURN_TYPE = YES_ERROR;
				GCC_WARN_UNDECLARED_SELECTOR = YES;
				GCC_WARN_UNINITIALIZED_AUTOS = YES_AGGRESSIVE;
				GCC_WARN_UNUSED_FUNCTION = YES;
				GCC_WARN_UNUSED_VARIABLE = YES;
				IPHONEOS_DEPLOYMENT_TARGET = 12.1;
				MTL_ENABLE_DEBUG_INFO = NO;
				MTL_FAST_MATH = YES;
				SDKROOT = iphoneos;
				SWIFT_COMPILATION_MODE = wholemodule;
				SWIFT_OPTIMIZATION_LEVEL = "-O";
				VALIDATE_PRODUCT = YES;
			};
			name = Release;
		};
		34AA49E8229FC83700A213E9 /* Debug */ = {
			isa = XCBuildConfiguration;
			baseConfigurationReference = 0B8DA5FF2689739C84B16B8F /* Pods-Arnaud.debug.xcconfig */;
			buildSettings = {
				ASSETCATALOG_COMPILER_APPICON_NAME = AppIcon;
				CODE_SIGN_STYLE = Automatic;
				INFOPLIST_FILE = Arnaud/Info.plist;
				LD_RUNPATH_SEARCH_PATHS = (
					"$(inherited)",
					"@executable_path/Frameworks",
				);
				PRODUCT_BUNDLE_IDENTIFIER = Escarmoosh.Arnaud;
				PRODUCT_NAME = "$(TARGET_NAME)";
				SWIFT_VERSION = 4.2;
				TARGETED_DEVICE_FAMILY = "1,2";
			};
			name = Debug;
		};
		34AA49E9229FC83700A213E9 /* Release */ = {
			isa = XCBuildConfiguration;
			baseConfigurationReference = CCB0080672724A6BD05A2148 /* Pods-Arnaud.release.xcconfig */;
			buildSettings = {
				ASSETCATALOG_COMPILER_APPICON_NAME = AppIcon;
				CODE_SIGN_STYLE = Automatic;
				INFOPLIST_FILE = Arnaud/Info.plist;
				LD_RUNPATH_SEARCH_PATHS = (
					"$(inherited)",
					"@executable_path/Frameworks",
				);
				PRODUCT_BUNDLE_IDENTIFIER = Escarmoosh.Arnaud;
				PRODUCT_NAME = "$(TARGET_NAME)";
				SWIFT_VERSION = 4.2;
				TARGETED_DEVICE_FAMILY = "1,2";
			};
			name = Release;
		};
		34AA49EB229FC83700A213E9 /* Debug */ = {
			isa = XCBuildConfiguration;
			baseConfigurationReference = A4A286A602593057607F23F3 /* Pods-ArnaudTests.debug.xcconfig */;
			buildSettings = {
				ALWAYS_EMBED_SWIFT_STANDARD_LIBRARIES = YES;
				BUNDLE_LOADER = "$(TEST_HOST)";
				CODE_SIGN_STYLE = Automatic;
				INFOPLIST_FILE = ArnaudTests/Info.plist;
				LD_RUNPATH_SEARCH_PATHS = (
					"$(inherited)",
					"@executable_path/Frameworks",
					"@loader_path/Frameworks",
				);
				PRODUCT_BUNDLE_IDENTIFIER = Escarmoosh.ArnaudTests;
				PRODUCT_NAME = "$(TARGET_NAME)";
				SWIFT_VERSION = 4.2;
				TARGETED_DEVICE_FAMILY = "1,2";
				TEST_HOST = "$(BUILT_PRODUCTS_DIR)/Arnaud.app/Arnaud";
			};
			name = Debug;
		};
		34AA49EC229FC83700A213E9 /* Release */ = {
			isa = XCBuildConfiguration;
			baseConfigurationReference = 600C59616AFDB0E75A6E3EA1 /* Pods-ArnaudTests.release.xcconfig */;
			buildSettings = {
				ALWAYS_EMBED_SWIFT_STANDARD_LIBRARIES = YES;
				BUNDLE_LOADER = "$(TEST_HOST)";
				CODE_SIGN_STYLE = Automatic;
				INFOPLIST_FILE = ArnaudTests/Info.plist;
				LD_RUNPATH_SEARCH_PATHS = (
					"$(inherited)",
					"@executable_path/Frameworks",
					"@loader_path/Frameworks",
				);
				PRODUCT_BUNDLE_IDENTIFIER = Escarmoosh.ArnaudTests;
				PRODUCT_NAME = "$(TARGET_NAME)";
				SWIFT_VERSION = 4.2;
				TARGETED_DEVICE_FAMILY = "1,2";
				TEST_HOST = "$(BUILT_PRODUCTS_DIR)/Arnaud.app/Arnaud";
			};
			name = Release;
		};
/* End XCBuildConfiguration section */

/* Begin XCConfigurationList section */
		34AA49C5229FC83500A213E9 /* Build configuration list for PBXProject "Arnaud" */ = {
			isa = XCConfigurationList;
			buildConfigurations = (
				34AA49E5229FC83700A213E9 /* Debug */,
				34AA49E6229FC83700A213E9 /* Release */,
			);
			defaultConfigurationIsVisible = 0;
			defaultConfigurationName = Release;
		};
		34AA49E7229FC83700A213E9 /* Build configuration list for PBXNativeTarget "Arnaud" */ = {
			isa = XCConfigurationList;
			buildConfigurations = (
				34AA49E8229FC83700A213E9 /* Debug */,
				34AA49E9229FC83700A213E9 /* Release */,
			);
			defaultConfigurationIsVisible = 0;
			defaultConfigurationName = Release;
		};
		34AA49EA229FC83700A213E9 /* Build configuration list for PBXNativeTarget "ArnaudTests" */ = {
			isa = XCConfigurationList;
			buildConfigurations = (
				34AA49EB229FC83700A213E9 /* Debug */,
				34AA49EC229FC83700A213E9 /* Release */,
			);
			defaultConfigurationIsVisible = 0;
			defaultConfigurationName = Release;
		};
/* End XCConfigurationList section */
	};
	rootObject = 34AA49C2229FC83500A213E9 /* Project object */;
}
